// !$*UTF8*$!
{
	archiveVersion = 1;
	classes = {
	};
	objectVersion = 50;
	objects = {

/* Begin PBXBuildFile section */
		8892D612234AE51100C6EED1 /* Meme.swift in Sources */ = {isa = PBXBuildFile; fileRef = 8892D611234AE51100C6EED1 /* Meme.swift */; };
		88CD0200235A4FDC00EB067C /* MemeTableViewController.swift in Sources */ = {isa = PBXBuildFile; fileRef = 88CD01FF235A4FDC00EB067C /* MemeTableViewController.swift */; };
		88CD0206235B39C600EB067C /* MemeCollectionViewCell.swift in Sources */ = {isa = PBXBuildFile; fileRef = 88CD0205235B39C600EB067C /* MemeCollectionViewCell.swift */; };
		88CD020A235B85B900EB067C /* MemeDetailViewController.swift in Sources */ = {isa = PBXBuildFile; fileRef = 88CD0209235B85B900EB067C /* MemeDetailViewController.swift */; };
		88CD020C235B96E100EB067C /* MemeCollectionViewController.swift in Sources */ = {isa = PBXBuildFile; fileRef = 88CD020B235B96E100EB067C /* MemeCollectionViewController.swift */; };
		88E36B6E2343CD7E00268CBA /* AppDelegate.swift in Sources */ = {isa = PBXBuildFile; fileRef = 88E36B6D2343CD7E00268CBA /* AppDelegate.swift */; };
		88E36B702343CD7E00268CBA /* ViewController.swift in Sources */ = {isa = PBXBuildFile; fileRef = 88E36B6F2343CD7E00268CBA /* ViewController.swift */; };
		88E36B732343CD7E00268CBA /* Main.storyboard in Resources */ = {isa = PBXBuildFile; fileRef = 88E36B712343CD7E00268CBA /* Main.storyboard */; };
		88E36B752343CD8800268CBA /* Assets.xcassets in Resources */ = {isa = PBXBuildFile; fileRef = 88E36B742343CD8800268CBA /* Assets.xcassets */; };
		88E36B782343CD8800268CBA /* LaunchScreen.storyboard in Resources */ = {isa = PBXBuildFile; fileRef = 88E36B762343CD8800268CBA /* LaunchScreen.storyboard */; };
/* End PBXBuildFile section */

/* Begin PBXFileReference section */
		8892D611234AE51100C6EED1 /* Meme.swift */ = {isa = PBXFileReference; lastKnownFileType = sourcecode.swift; path = Meme.swift; sourceTree = "<group>"; };
		88CD01FF235A4FDC00EB067C /* MemeTableViewController.swift */ = {isa = PBXFileReference; lastKnownFileType = sourcecode.swift; path = MemeTableViewController.swift; sourceTree = "<group>"; };
		88CD0205235B39C600EB067C /* MemeCollectionViewCell.swift */ = {isa = PBXFileReference; lastKnownFileType = sourcecode.swift; path = MemeCollectionViewCell.swift; sourceTree = "<group>"; };
		88CD0209235B85B900EB067C /* MemeDetailViewController.swift */ = {isa = PBXFileReference; lastKnownFileType = sourcecode.swift; path = MemeDetailViewController.swift; sourceTree = "<group>"; };
		88CD020B235B96E100EB067C /* MemeCollectionViewController.swift */ = {isa = PBXFileReference; lastKnownFileType = sourcecode.swift; path = MemeCollectionViewController.swift; sourceTree = "<group>"; };
		88E36B6A2343CD7E00268CBA /* imagePic.app */ = {isa = PBXFileReference; explicitFileType = wrapper.application; includeInIndex = 0; path = imagePic.app; sourceTree = BUILT_PRODUCTS_DIR; };
		88E36B6D2343CD7E00268CBA /* AppDelegate.swift */ = {isa = PBXFileReference; lastKnownFileType = sourcecode.swift; path = AppDelegate.swift; sourceTree = "<group>"; };
		88E36B6F2343CD7E00268CBA /* ViewController.swift */ = {isa = PBXFileReference; lastKnownFileType = sourcecode.swift; path = ViewController.swift; sourceTree = "<group>"; };
		88E36B722343CD7E00268CBA /* Base */ = {isa = PBXFileReference; lastKnownFileType = file.storyboard; name = Base; path = Base.lproj/Main.storyboard; sourceTree = "<group>"; };
		88E36B742343CD8800268CBA /* Assets.xcassets */ = {isa = PBXFileReference; lastKnownFileType = folder.assetcatalog; path = Assets.xcassets; sourceTree = "<group>"; };
		88E36B772343CD8800268CBA /* Base */ = {isa = PBXFileReference; lastKnownFileType = file.storyboard; name = Base; path = Base.lproj/LaunchScreen.storyboard; sourceTree = "<group>"; };
		88E36B792343CD8800268CBA /* Info.plist */ = {isa = PBXFileReference; lastKnownFileType = text.plist.xml; path = Info.plist; sourceTree = "<group>"; };
/* End PBXFileReference section */

/* Begin PBXFrameworksBuildPhase section */
		88E36B672343CD7E00268CBA /* Frameworks */ = {
			isa = PBXFrameworksBuildPhase;
			buildActionMask = 2147483647;
			files = (
			);
			runOnlyForDeploymentPostprocessing = 0;
		};
/* End PBXFrameworksBuildPhase section */

/* Begin PBXGroup section */
		88E36B612343CD7E00268CBA = {
			isa = PBXGroup;
			children = (
				88E36B6C2343CD7E00268CBA /* imagePic */,
				88E36B6B2343CD7E00268CBA /* Products */,
			);
			sourceTree = "<group>";
		};
		88E36B6B2343CD7E00268CBA /* Products */ = {
			isa = PBXGroup;
			children = (
				88E36B6A2343CD7E00268CBA /* imagePic.app */,
			);
			name = Products;
			sourceTree = "<group>";
		};
		88E36B6C2343CD7E00268CBA /* imagePic */ = {
			isa = PBXGroup;
			children = (
				88E36B6D2343CD7E00268CBA /* AppDelegate.swift */,
				88E36B6F2343CD7E00268CBA /* ViewController.swift */,
				88CD01FF235A4FDC00EB067C /* MemeTableViewController.swift */,
				88CD020B235B96E100EB067C /* MemeCollectionViewController.swift */,
				88CD0209235B85B900EB067C /* MemeDetailViewController.swift */,
				8892D611234AE51100C6EED1 /* Meme.swift */,
				88CD0205235B39C600EB067C /* MemeCollectionViewCell.swift */,
				88E36B712343CD7E00268CBA /* Main.storyboard */,
				88E36B742343CD8800268CBA /* Assets.xcassets */,
				88E36B762343CD8800268CBA /* LaunchScreen.storyboard */,
				88E36B792343CD8800268CBA /* Info.plist */,
			);
			path = imagePic;
			sourceTree = "<group>";
		};
/* End PBXGroup section */

/* Begin PBXNativeTarget section */
		88E36B692343CD7E00268CBA /* imagePic */ = {
			isa = PBXNativeTarget;
			buildConfigurationList = 88E36B7C2343CD8800268CBA /* Build configuration list for PBXNativeTarget "imagePic" */;
			buildPhases = (
				88E36B662343CD7E00268CBA /* Sources */,
				88E36B672343CD7E00268CBA /* Frameworks */,
				88E36B682343CD7E00268CBA /* Resources */,
			);
			buildRules = (
			);
			dependencies = (
			);
			name = imagePic;
			productName = imagePic;
			productReference = 88E36B6A2343CD7E00268CBA /* imagePic.app */;
			productType = "com.apple.product-type.application";
		};
/* End PBXNativeTarget section */

/* Begin PBXProject section */
		88E36B622343CD7E00268CBA /* Project object */ = {
			isa = PBXProject;
			attributes = {
				LastSwiftUpdateCheck = 1030;
				LastUpgradeCheck = 1030;
				ORGANIZATIONNAME = "Maram Saleh";
				TargetAttributes = {
					88E36B692343CD7E00268CBA = {
						CreatedOnToolsVersion = 10.3;
					};
				};
			};
			buildConfigurationList = 88E36B652343CD7E00268CBA /* Build configuration list for PBXProject "imagePic" */;
			compatibilityVersion = "Xcode 9.3";
			developmentRegion = en;
			hasScannedForEncodings = 0;
			knownRegions = (
				en,
				Base,
			);
			mainGroup = 88E36B612343CD7E00268CBA;
			productRefGroup = 88E36B6B2343CD7E00268CBA /* Products */;
			projectDirPath = "";
			projectRoot = "";
			targets = (
				88E36B692343CD7E00268CBA /* imagePic */,
			);
		};
/* End PBXProject section */

/* Begin PBXResourcesBuildPhase section */
		88E36B682343CD7E00268CBA /* Resources */ = {
			isa = PBXResourcesBuildPhase;
			buildActionMask = 2147483647;
			files = (
				88E36B782343CD8800268CBA /* LaunchScreen.storyboard in Resources */,
				88E36B752343CD8800268CBA /* Assets.xcassets in Resources */,
				88E36B732343CD7E00268CBA /* Main.storyboard in Resources */,
			);
			runOnlyForDeploymentPostprocessing = 0;
		};
/* End PBXResourcesBuildPhase section */

/* Begin PBXSourcesBuildPhase section */
		88E36B662343CD7E00268CBA /* Sources */ = {
			isa = PBXSourcesBuildPhase;
			buildActionMask = 2147483647;
			files = (
				88CD0206235B39C600EB067C /* MemeCollectionViewCell.swift in Sources */,
				88E36B702343CD7E00268CBA /* ViewController.swift in Sources */,
				8892D612234AE51100C6EED1 /* Meme.swift in Sources */,
				88CD020A235B85B900EB067C /* MemeDetailViewController.swift in Sources */,
				88CD020C235B96E100EB067C /* MemeCollectionViewController.swift in Sources */,
				88E36B6E2343CD7E00268CBA /* AppDelegate.swift in Sources */,
				88CD0200235A4FDC00EB067C /* MemeTableViewController.swift in Sources */,
			);
			runOnlyForDeploymentPostprocessing = 0;
		};
/* End PBXSourcesBuildPhase section */

/* Begin PBXVariantGroup section */
		88E36B712343CD7E00268CBA /* Main.storyboard */ = {
			isa = PBXVariantGroup;
			children = (
				88E36B722343CD7E00268CBA /* Base */,
			);
			name = Main.storyboard;
			sourceTree = "<group>";
		};
		88E36B762343CD8800268CBA /* LaunchScreen.storyboard */ = {
			isa = PBXVariantGroup;
			children = (
				88E36B772343CD8800268CBA /* Base */,
			);
			name = LaunchScreen.storyboard;
			sourceTree = "<group>";
		};
/* End PBXVariantGroup section */

/* Begin XCBuildConfiguration section */
		88E36B7A2343CD8800268CBA /* Debug */ = {
			isa = XCBuildConfiguration;
			buildSettings = {
				ALWAYS_SEARCH_USER_PATHS = NO;
				CLANG_ANALYZER_NONNULL = YES;
				CLANG_ANALYZER_NUMBER_OBJECT_CONVERSION = YES_AGGRESSIVE;
				CLANG_CXX_LANGUAGE_STANDARD = "gnu++14";
				CLANG_CXX_LIBRARY = "libc++";
				CLANG_ENABLE_MODULES = YES;
				CLANG_ENABLE_OBJC_ARC = YES;
				CLANG_ENABLE_OBJC_WEAK = YES;
				CLANG_WARN_BLOCK_CAPTURE_AUTORELEASING = YES;
				CLANG_WARN_BOOL_CONVERSION = YES;
				CLANG_WARN_COMMA = YES;
				CLANG_WARN_CONSTANT_CONVERSION = YES;
				CLANG_WARN_DEPRECATED_OBJC_IMPLEMENTATIONS = YES;
				CLANG_WARN_DIRECT_OBJC_ISA_USAGE = YES_ERROR;
				CLANG_WARN_DOCUMENTATION_COMMENTS = YES;
				CLANG_WARN_EMPTY_BODY = YES;
				CLANG_WARN_ENUM_CONVERSION = YES;
				CLANG_WARN_INFINITE_RECURSION = YES;
				CLANG_WARN_INT_CONVERSION = YES;
				CLANG_WARN_NON_LITERAL_NULL_CONVERSION = YES;
				CLANG_WARN_OBJC_IMPLICIT_RETAIN_SELF = YES;
				CLANG_WARN_OBJC_LITERAL_CONVERSION = YES;
				CLANG_WARN_OBJC_ROOT_CLASS = YES_ERROR;
				CLANG_WARN_RANGE_LOOP_ANALYSIS = YES;
				CLANG_WARN_STRICT_PROTOTYPES = YES;
				CLANG_WARN_SUSPICIOUS_MOVE = YES;
				CLANG_WARN_UNGUARDED_AVAILABILITY = YES_AGGRESSIVE;
				CLANG_WARN_UNREACHABLE_CODE = YES;
				CLANG_WARN__DUPLICATE_METHOD_MATCH = YES;
				CODE_SIGN_IDENTITY = "iPhone Developer";
				COPY_PHASE_STRIP = NO;
				DEBUG_INFORMATION_FORMAT = dwarf;
				ENABLE_STRICT_OBJC_MSGSEND = YES;
				ENABLE_TESTABILITY = YES;
				GCC_C_LANGUAGE_STANDARD = gnu11;
				GCC_DYNAMIC_NO_PIC = NO;
				GCC_NO_COMMON_BLOCKS = YES;
				GCC_OPTIMIZATION_LEVEL = 0;
				GCC_PREPROCESSOR_DEFINITIONS = (
					"DEBUG=1",
					"$(inherited)",
				);
				GCC_WARN_64_TO_32_BIT_CONVERSION = YES;
				GCC_WARN_ABOUT_RETURN_TYPE = YES_ERROR;
				GCC_WARN_UNDECLARED_SELECTOR = YES;
				GCC_WARN_UNINITIALIZED_AUTOS = YES_AGGRESSIVE;
				GCC_WARN_UNUSED_FUNCTION = YES;
				GCC_WARN_UNUSED_VARIABLE = YES;
				IPHONEOS_DEPLOYMENT_TARGET = 12.4;
				MTL_ENABLE_DEBUG_INFO = INCLUDE_SOURCE;
				MTL_FAST_MATH = YES;
				ONLY_ACTIVE_ARCH = YES;
				SDKROOT = iphoneos;
				SWIFT_ACTIVE_COMPILATION_CONDITIONS = DEBUG;
				SWIFT_OPTIMIZATION_LEVEL = "-Onone";
			};
			name = Debug;
		};
		88E36B7B2343CD8800268CBA /* Release */ = {
			isa = XCBuildConfiguration;
			buildSettings = {
				ALWAYS_SEARCH_USER_PATHS = NO;
				CLANG_ANALYZER_NONNULL = YES;
				CLANG_ANALYZER_NUMBER_OBJECT_CONVERSION = YES_AGGRESSIVE;
				CLANG_CXX_LANGUAGE_STANDARD = "gnu++14";
				CLANG_CXX_LIBRARY = "libc++";
				CLANG_ENABLE_MODULES = YES;
				CLANG_ENABLE_OBJC_ARC = YES;
				CLANG_ENABLE_OBJC_WEAK = YES;
				CLANG_WARN_BLOCK_CAPTURE_AUTORELEASING = YES;
				CLANG_WARN_BOOL_CONVERSION = YES;
				CLANG_WARN_COMMA = YES;
				CLANG_WARN_CONSTANT_CONVERSION = YES;
				CLANG_WARN_DEPRECATED_OBJC_IMPLEMENTATIONS = YES;
				CLANG_WARN_DIRECT_OBJC_ISA_USAGE = YES_ERROR;
				CLANG_WARN_DOCUMENTATION_COMMENTS = YES;
				CLANG_WARN_EMPTY_BODY = YES;
				CLANG_WARN_ENUM_CONVERSION = YES;
				CLANG_WARN_INFINITE_RECURSION = YES;
				CLANG_WARN_INT_CONVERSION = YES;
				CLANG_WARN_NON_LITERAL_NULL_CONVERSION = YES;
				CLANG_WARN_OBJC_IMPLICIT_RETAIN_SELF = YES;
				CLANG_WARN_OBJC_LITERAL_CONVERSION = YES;
				CLANG_WARN_OBJC_ROOT_CLASS = YES_ERROR;
				CLANG_WARN_RANGE_LOOP_ANALYSIS = YES;
				CLANG_WARN_STRICT_PROTOTYPES = YES;
				CLANG_WARN_SUSPICIOUS_MOVE = YES;
				CLANG_WARN_UNGUARDED_AVAILABILITY = YES_AGGRESSIVE;
				CLANG_WARN_UNREACHABLE_CODE = YES;
				CLANG_WARN__DUPLICATE_METHOD_MATCH = YES;
				CODE_SIGN_IDENTITY = "iPhone Developer";
				COPY_PHASE_STRIP = NO;
				DEBUG_INFORMATION_FORMAT = "dwarf-with-dsym";
				ENABLE_NS_ASSERTIONS = NO;
				ENABLE_STRICT_OBJC_MSGSEND = YES;
				GCC_C_LANGUAGE_STANDARD = gnu11;
				GCC_NO_COMMON_BLOCKS = YES;
				GCC_WARN_64_TO_32_BIT_CONVERSION = YES;
				GCC_WARN_ABOUT_RETURN_TYPE = YES_ERROR;
				GCC_WARN_UNDECLARED_SELECTOR = YES;
				GCC_WARN_UNINITIALIZED_AUTOS = YES_AGGRESSIVE;
				GCC_WARN_UNUSED_FUNCTION = YES;
				GCC_WARN_UNUSED_VARIABLE = YES;
				IPHONEOS_DEPLOYMENT_TARGET = 12.4;
				MTL_ENABLE_DEBUG_INFO = NO;
				MTL_FAST_MATH = YES;
				SDKROOT = iphoneos;
				SWIFT_COMPILATION_MODE = wholemodule;
				SWIFT_OPTIMIZATION_LEVEL = "-O";
				VALIDATE_PRODUCT = YES;
			};
			name = Release;
		};
		88E36B7D2343CD8800268CBA /* Debug */ = {
			isa = XCBuildConfiguration;
			buildSettings = {
				ASSETCATALOG_COMPILER_APPICON_NAME = AppIcon;
				CODE_SIGN_STYLE = Automatic;
				DEVELOPMENT_TEAM = 4963B8GLGL;
				INFOPLIST_FILE = imagePic/Info.plist;
				LD_RUNPATH_SEARCH_PATHS = (
					"$(inherited)",
					"@executable_path/Frameworks",
				);
				PRODUCT_BUNDLE_IDENTIFIER = qmarams.imagePic;
				PRODUCT_NAME = "$(TARGET_NAME)";
				SWIFT_VERSION = 5.0;
				TARGETED_DEVICE_FAMILY = "1,2";
			};
			name = Debug;
		};
		88E36B7E2343CD8800268CBA /* Release */ = {
			isa = XCBuildConfiguration;
			buildSettings = {
				ASSETCATALOG_COMPILER_APPICON_NAME = AppIcon;
				CODE_SIGN_STYLE = Automatic;
				DEVELOPMENT_TEAM = 4963B8GLGL;
				INFOPLIST_FILE = imagePic/Info.plist;
				LD_RUNPATH_SEARCH_PATHS = (
					"$(inherited)",
					"@executable_path/Frameworks",
				);
				PRODUCT_BUNDLE_IDENTIFIER = qmarams.imagePic;
				PRODUCT_NAME = "$(TARGET_NAME)";
				SWIFT_VERSION = 5.0;
				TARGETED_DEVICE_FAMILY = "1,2";
			};
			name = Release;
		};
/* End XCBuildConfiguration section */

/* Begin XCConfigurationList section */
		88E36B652343CD7E00268CBA /* Build configuration list for PBXProject "imagePic" */ = {
			isa = XCConfigurationList;
			buildConfigurations = (
				88E36B7A2343CD8800268CBA /* Debug */,
				88E36B7B2343CD8800268CBA /* Release */,
			);
			defaultConfigurationIsVisible = 0;
			defaultConfigurationName = Release;
		};
		88E36B7C2343CD8800268CBA /* Build configuration list for PBXNativeTarget "imagePic" */ = {
			isa = XCConfigurationList;
			buildConfigurations = (
				88E36B7D2343CD8800268CBA /* Debug */,
				88E36B7E2343CD8800268CBA /* Release */,
			);
			defaultConfigurationIsVisible = 0;
			defaultConfigurationName = Release;
		};
/* End XCConfigurationList section */
	};
	rootObject = 88E36B622343CD7E00268CBA /* Project object */;
}
